
Microsoft Visual Studio Solution File, Format Version 12.00
# Visual Studio Version 17
VisualStudioVersion = 17.5.33530.505
MinimumVisualStudioVersion = 10.0.40219.1
Project("{FAE04EC0-301F-11D3-BF4B-00C04F79EFBC}") = "Elephants", "Elephants.csproj", "{15187E41-48A7-4189-9338-2C35BDBA64AA}"
EndProject
Global
	GlobalSection(SolutionConfigurationPlatforms) = preSolution
		Debug|Any CPU = Debug|Any CPU
		Release|Any CPU = Release|Any CPU
	EndGlobalSection
	GlobalSection(ProjectConfigurationPlatforms) = postSolution
		{15187E41-48A7-4189-9338-2C35BDBA64AA}.Debug|Any CPU.ActiveCfg = Debug|Any CPU
		{15187E41-48A7-4189-9338-2C35BDBA64AA}.Debug|Any CPU.Build.0 = Debug|Any CPU
		{15187E41-48A7-4189-9338-2C35BDBA64AA}.Release|Any CPU.ActiveCfg = Release|Any CPU
		{15187E41-48A7-4189-9338-2C35BDBA64AA}.Release|Any CPU.Build.0 = Release|Any CPU
	EndGlobalSection
	GlobalSection(SolutionProperties) = preSolution
		HideSolutionNode = FALSE
	EndGlobalSection
	GlobalSection(ExtensibilityGlobals) = postSolution
		SolutionGuid = {98854FBB-C39A-488B-A90E-413E200FACA6}
	EndGlobalSection
EndGlobal
